
Microsoft Visual Studio Solution File, Format Version 12.00
# Visual Studio Version 16
VisualStudioVersion = 16.0.31410.357
MinimumVisualStudioVersion = 10.0.40219.1
Project("{FAE04EC0-301F-11D3-BF4B-00C04F79EFBC}") = "MoodAnalyserProblem", "MoodAnalyserProblem\MoodAnalyserProblem.csproj", "{C43F869B-9466-4DBA-9B01-2D6051A18E10}"
EndProject
Project("{FAE04EC0-301F-11D3-BF4B-00C04F79EFBC}") = "MoodAnalyserTest", "MoodAnalyserTest\MoodAnalyserTest.csproj", "{A6B9F286-236F-4832-B9A5-AD582093AC37}"
EndProject
Global
	GlobalSection(SolutionConfigurationPlatforms) = preSolution
		Debug|Any CPU = Debug|Any CPU
		Release|Any CPU = Release|Any CPU
	EndGlobalSection
	GlobalSection(ProjectConfigurationPlatforms) = postSolution
		{C43F869B-9466-4DBA-9B01-2D6051A18E10}.Debug|Any CPU.ActiveCfg = Debug|Any CPU
		{C43F869B-9466-4DBA-9B01-2D6051A18E10}.Debug|Any CPU.Build.0 = Debug|Any CPU
		{C43F869B-9466-4DBA-9B01-2D6051A18E10}.Release|Any CPU.ActiveCfg = Release|Any CPU
		{C43F869B-9466-4DBA-9B01-2D6051A18E10}.Release|Any CPU.Build.0 = Release|Any CPU
		{A6B9F286-236F-4832-B9A5-AD582093AC37}.Debug|Any CPU.ActiveCfg = Debug|Any CPU
		{A6B9F286-236F-4832-B9A5-AD582093AC37}.Debug|Any CPU.Build.0 = Debug|Any CPU
		{A6B9F286-236F-4832-B9A5-AD582093AC37}.Release|Any CPU.ActiveCfg = Release|Any CPU
		{A6B9F286-236F-4832-B9A5-AD582093AC37}.Release|Any CPU.Build.0 = Release|Any CPU
	EndGlobalSection
	GlobalSection(SolutionProperties) = preSolution
		HideSolutionNode = FALSE
	EndGlobalSection
	GlobalSection(ExtensibilityGlobals) = postSolution
		SolutionGuid = {9799404E-B83A-4683-8809-D94A66722134}
	EndGlobalSection
EndGlobal
